// !$*UTF8*$!
{
	archiveVersion = 1;
	classes = {
	};
	objectVersion = 48;
	objects = {

/* Begin PBXBuildFile section */
		255BA94F1F7CBDD600158856 /* AppDelegate.m in Sources */ = {isa = PBXBuildFile; fileRef = 255BA94E1F7CBDD600158856 /* AppDelegate.m */; };
		255BA9511F7CBDD600158856 /* art.scnassets in Resources */ = {isa = PBXBuildFile; fileRef = 255BA9501F7CBDD600158856 /* art.scnassets */; };
		255BA9541F7CBDD600158856 /* ViewController.m in Sources */ = {isa = PBXBuildFile; fileRef = 255BA9531F7CBDD600158856 /* ViewController.m */; };
		255BA9571F7CBDD600158856 /* Main.storyboard in Resources */ = {isa = PBXBuildFile; fileRef = 255BA9551F7CBDD600158856 /* Main.storyboard */; };
		255BA9591F7CBDD600158856 /* Assets.xcassets in Resources */ = {isa = PBXBuildFile; fileRef = 255BA9581F7CBDD600158856 /* Assets.xcassets */; };
		255BA95C1F7CBDD600158856 /* LaunchScreen.storyboard in Resources */ = {isa = PBXBuildFile; fileRef = 255BA95A1F7CBDD600158856 /* LaunchScreen.storyboard */; };
		255BA95F1F7CBDD600158856 /* main.m in Sources */ = {isa = PBXBuildFile; fileRef = 255BA95E1F7CBDD600158856 /* main.m */; };
		255BA9691F7CBDD700158856 /* HYARKit_SceneKitDemoTests.m in Sources */ = {isa = PBXBuildFile; fileRef = 255BA9681F7CBDD700158856 /* HYARKit_SceneKitDemoTests.m */; };
		255BA9741F7CBDD700158856 /* HYARKit_SceneKitDemoUITests.m in Sources */ = {isa = PBXBuildFile; fileRef = 255BA9731F7CBDD700158856 /* HYARKit_SceneKitDemoUITests.m */; };
/* End PBXBuildFile section */

/* Begin PBXContainerItemProxy section */
		255BA9651F7CBDD700158856 /* PBXContainerItemProxy */ = {
			isa = PBXContainerItemProxy;
			containerPortal = 255BA9421F7CBDD600158856 /* Project object */;
			proxyType = 1;
			remoteGlobalIDString = 255BA9491F7CBDD600158856;
			remoteInfo = HYARKit_SceneKitDemo;
		};
		255BA9701F7CBDD700158856 /* PBXContainerItemProxy */ = {
			isa = PBXContainerItemProxy;
			containerPortal = 255BA9421F7CBDD600158856 /* Project object */;
			proxyType = 1;
			remoteGlobalIDString = 255BA9491F7CBDD600158856;
			remoteInfo = HYARKit_SceneKitDemo;
		};
/* End PBXContainerItemProxy section */

/* Begin PBXFileReference section */
		255BA94A1F7CBDD600158856 /* HYARKit_SceneKitDemo.app */ = {isa = PBXFileReference; explicitFileType = wrapper.application; includeInIndex = 0; path = HYARKit_SceneKitDemo.app; sourceTree = BUILT_PRODUCTS_DIR; };
		255BA94D1F7CBDD600158856 /* AppDelegate.h */ = {isa = PBXFileReference; lastKnownFileType = sourcecode.c.h; path = AppDelegate.h; sourceTree = "<group>"; };
		255BA94E1F7CBDD600158856 /* AppDelegate.m */ = {isa = PBXFileReference; lastKnownFileType = sourcecode.c.objc; path = AppDelegate.m; sourceTree = "<group>"; };
		255BA9501F7CBDD600158856 /* art.scnassets */ = {isa = PBXFileReference; lastKnownFileType = wrapper.scnassets; path = art.scnassets; sourceTree = "<group>"; };
		255BA9521F7CBDD600158856 /* ViewController.h */ = {isa = PBXFileReference; lastKnownFileType = sourcecode.c.h; path = ViewController.h; sourceTree = "<group>"; };
		255BA9531F7CBDD600158856 /* ViewController.m */ = {isa = PBXFileReference; lastKnownFileType = sourcecode.c.objc; path = ViewController.m; sourceTree = "<group>"; };
		255BA9561F7CBDD600158856 /* Base */ = {isa = PBXFileReference; lastKnownFileType = file.storyboard; name = Base; path = Base.lproj/Main.storyboard; sourceTree = "<group>"; };
		255BA9581F7CBDD600158856 /* Assets.xcassets */ = {isa = PBXFileReference; lastKnownFileType = folder.assetcatalog; path = Assets.xcassets; sourceTree = "<group>"; };
		255BA95B1F7CBDD600158856 /* Base */ = {isa = PBXFileReference; lastKnownFileType = file.storyboard; name = Base; path = Base.lproj/LaunchScreen.storyboard; sourceTree = "<group>"; };
		255BA95D1F7CBDD600158856 /* Info.plist */ = {isa = PBXFileReference; lastKnownFileType = text.plist.xml; path = Info.plist; sourceTree = "<group>"; };
		255BA95E1F7CBDD600158856 /* main.m */ = {isa = PBXFileReference; lastKnownFileType = sourcecode.c.objc; path = main.m; sourceTree = "<group>"; };
		255BA9641F7CBDD700158856 /* HYARKit_SceneKitDemoTests.xctest */ = {isa = PBXFileReference; explicitFileType = wrapper.cfbundle; includeInIndex = 0; path = HYARKit_SceneKitDemoTests.xctest; sourceTree = BUILT_PRODUCTS_DIR; };
		255BA9681F7CBDD700158856 /* HYARKit_SceneKitDemoTests.m */ = {isa = PBXFileReference; lastKnownFileType = sourcecode.c.objc; path = HYARKit_SceneKitDemoTests.m; sourceTree = "<group>"; };
		255BA96A1F7CBDD700158856 /* Info.plist */ = {isa = PBXFileReference; lastKnownFileType = text.plist.xml; path = Info.plist; sourceTree = "<group>"; };
		255BA96F1F7CBDD700158856 /* HYARKit_SceneKitDemoUITests.xctest */ = {isa = PBXFileReference; explicitFileType = wrapper.cfbundle; includeInIndex = 0; path = HYARKit_SceneKitDemoUITests.xctest; sourceTree = BUILT_PRODUCTS_DIR; };
		255BA9731F7CBDD700158856 /* HYARKit_SceneKitDemoUITests.m */ = {isa = PBXFileReference; lastKnownFileType = sourcecode.c.objc; path = HYARKit_SceneKitDemoUITests.m; sourceTree = "<group>"; };
		255BA9751F7CBDD700158856 /* Info.plist */ = {isa = PBXFileReference; lastKnownFileType = text.plist.xml; path = Info.plist; sourceTree = "<group>"; };
/* End PBXFileReference section */

/* Begin PBXFrameworksBuildPhase section */
		255BA9471F7CBDD600158856 /* Frameworks */ = {
			isa = PBXFrameworksBuildPhase;
			buildActionMask = 2147483647;
			files = (
			);
			runOnlyForDeploymentPostprocessing = 0;
		};
		255BA9611F7CBDD700158856 /* Frameworks */ = {
			isa = PBXFrameworksBuildPhase;
			buildActionMask = 2147483647;
			files = (
			);
			runOnlyForDeploymentPostprocessing = 0;
		};
		255BA96C1F7CBDD700158856 /* Frameworks */ = {
			isa = PBXFrameworksBuildPhase;
			buildActionMask = 2147483647;
			files = (
			);
			runOnlyForDeploymentPostprocessing = 0;
		};
/* End PBXFrameworksBuildPhase section */

/* Begin PBXGroup section */
		255BA9411F7CBDD600158856 = {
			isa = PBXGroup;
			children = (
				255BA94C1F7CBDD600158856 /* HYARKit_SceneKitDemo */,
				255BA9671F7CBDD700158856 /* HYARKit_SceneKitDemoTests */,
				255BA9721F7CBDD700158856 /* HYARKit_SceneKitDemoUITests */,
				255BA94B1F7CBDD600158856 /* Products */,
			);
			sourceTree = "<group>";
		};
		255BA94B1F7CBDD600158856 /* Products */ = {
			isa = PBXGroup;
			children = (
				255BA94A1F7CBDD600158856 /* HYARKit_SceneKitDemo.app */,
				255BA9641F7CBDD700158856 /* HYARKit_SceneKitDemoTests.xctest */,
				255BA96F1F7CBDD700158856 /* HYARKit_SceneKitDemoUITests.xctest */,
			);
			name = Products;
			sourceTree = "<group>";
		};
		255BA94C1F7CBDD600158856 /* HYARKit_SceneKitDemo */ = {
			isa = PBXGroup;
			children = (
				255BA94D1F7CBDD600158856 /* AppDelegate.h */,
				255BA94E1F7CBDD600158856 /* AppDelegate.m */,
				255BA9501F7CBDD600158856 /* art.scnassets */,
				255BA9521F7CBDD600158856 /* ViewController.h */,
				255BA9531F7CBDD600158856 /* ViewController.m */,
				255BA9551F7CBDD600158856 /* Main.storyboard */,
				255BA9581F7CBDD600158856 /* Assets.xcassets */,
				255BA95A1F7CBDD600158856 /* LaunchScreen.storyboard */,
				255BA95D1F7CBDD600158856 /* Info.plist */,
				255BA95E1F7CBDD600158856 /* main.m */,
			);
			path = HYARKit_SceneKitDemo;
			sourceTree = "<group>";
		};
		255BA9671F7CBDD700158856 /* HYARKit_SceneKitDemoTests */ = {
			isa = PBXGroup;
			children = (
				255BA9681F7CBDD700158856 /* HYARKit_SceneKitDemoTests.m */,
				255BA96A1F7CBDD700158856 /* Info.plist */,
			);
			path = HYARKit_SceneKitDemoTests;
			sourceTree = "<group>";
		};
		255BA9721F7CBDD700158856 /* HYARKit_SceneKitDemoUITests */ = {
			isa = PBXGroup;
			children = (
				255BA9731F7CBDD700158856 /* HYARKit_SceneKitDemoUITests.m */,
				255BA9751F7CBDD700158856 /* Info.plist */,
			);
			path = HYARKit_SceneKitDemoUITests;
			sourceTree = "<group>";
		};
/* End PBXGroup section */

/* Begin PBXNativeTarget section */
		255BA9491F7CBDD600158856 /* HYARKit_SceneKitDemo */ = {
			isa = PBXNativeTarget;
			buildConfigurationList = 255BA9781F7CBDD700158856 /* Build configuration list for PBXNativeTarget "HYARKit_SceneKitDemo" */;
			buildPhases = (
				255BA9461F7CBDD600158856 /* Sources */,
				255BA9471F7CBDD600158856 /* Frameworks */,
				255BA9481F7CBDD600158856 /* Resources */,
			);
			buildRules = (
			);
			dependencies = (
			);
			name = HYARKit_SceneKitDemo;
			productName = HYARKit_SceneKitDemo;
			productReference = 255BA94A1F7CBDD600158856 /* HYARKit_SceneKitDemo.app */;
			productType = "com.apple.product-type.application";
		};
		255BA9631F7CBDD700158856 /* HYARKit_SceneKitDemoTests */ = {
			isa = PBXNativeTarget;
			buildConfigurationList = 255BA97B1F7CBDD700158856 /* Build configuration list for PBXNativeTarget "HYARKit_SceneKitDemoTests" */;
			buildPhases = (
				255BA9601F7CBDD700158856 /* Sources */,
				255BA9611F7CBDD700158856 /* Frameworks */,
				255BA9621F7CBDD700158856 /* Resources */,
			);
			buildRules = (
			);
			dependencies = (
				255BA9661F7CBDD700158856 /* PBXTargetDependency */,
			);
			name = HYARKit_SceneKitDemoTests;
			productName = HYARKit_SceneKitDemoTests;
			productReference = 255BA9641F7CBDD700158856 /* HYARKit_SceneKitDemoTests.xctest */;
			productType = "com.apple.product-type.bundle.unit-test";
		};
		255BA96E1F7CBDD700158856 /* HYARKit_SceneKitDemoUITests */ = {
			isa = PBXNativeTarget;
			buildConfigurationList = 255BA97E1F7CBDD700158856 /* Build configuration list for PBXNativeTarget "HYARKit_SceneKitDemoUITests" */;
			buildPhases = (
				255BA96B1F7CBDD700158856 /* Sources */,
				255BA96C1F7CBDD700158856 /* Frameworks */,
				255BA96D1F7CBDD700158856 /* Resources */,
			);
			buildRules = (
			);
			dependencies = (
				255BA9711F7CBDD700158856 /* PBXTargetDependency */,
			);
			name = HYARKit_SceneKitDemoUITests;
			productName = HYARKit_SceneKitDemoUITests;
			productReference = 255BA96F1F7CBDD700158856 /* HYARKit_SceneKitDemoUITests.xctest */;
			productType = "com.apple.product-type.bundle.ui-testing";
		};
/* End PBXNativeTarget section */

/* Begin PBXProject section */
		255BA9421F7CBDD600158856 /* Project object */ = {
			isa = PBXProject;
			attributes = {
				LastUpgradeCheck = 0900;
				ORGANIZATIONNAME = "黄红荫";
				TargetAttributes = {
					255BA9491F7CBDD600158856 = {
						CreatedOnToolsVersion = 9.0;
						ProvisioningStyle = Automatic;
					};
					255BA9631F7CBDD700158856 = {
						CreatedOnToolsVersion = 9.0;
						ProvisioningStyle = Automatic;
						TestTargetID = 255BA9491F7CBDD600158856;
					};
					255BA96E1F7CBDD700158856 = {
						CreatedOnToolsVersion = 9.0;
						ProvisioningStyle = Automatic;
						TestTargetID = 255BA9491F7CBDD600158856;
					};
				};
			};
			buildConfigurationList = 255BA9451F7CBDD600158856 /* Build configuration list for PBXProject "HYARKit_SceneKitDemo" */;
			compatibilityVersion = "Xcode 8.0";
			developmentRegion = en;
			hasScannedForEncodings = 0;
			knownRegions = (
				en,
				Base,
			);
			mainGroup = 255BA9411F7CBDD600158856;
			productRefGroup = 255BA94B1F7CBDD600158856 /* Products */;
			projectDirPath = "";
			projectRoot = "";
			targets = (
				255BA9491F7CBDD600158856 /* HYARKit_SceneKitDemo */,
				255BA9631F7CBDD700158856 /* HYARKit_SceneKitDemoTests */,
				255BA96E1F7CBDD700158856 /* HYARKit_SceneKitDemoUITests */,
			);
		};
/* End PBXProject section */

/* Begin PBXResourcesBuildPhase section */
		255BA9481F7CBDD600158856 /* Resources */ = {
			isa = PBXResourcesBuildPhase;
			buildActionMask = 2147483647;
			files = (
				255BA9511F7CBDD600158856 /* art.scnassets in Resources */,
				255BA95C1F7CBDD600158856 /* LaunchScreen.storyboard in Resources */,
				255BA9591F7CBDD600158856 /* Assets.xcassets in Resources */,
				255BA9571F7CBDD600158856 /* Main.storyboard in Resources */,
			);
			runOnlyForDeploymentPostprocessing = 0;
		};
		255BA9621F7CBDD700158856 /* Resources */ = {
			isa = PBXResourcesBuildPhase;
			buildActionMask = 2147483647;
			files = (
			);
			runOnlyForDeploymentPostprocessing = 0;
		};
		255BA96D1F7CBDD700158856 /* Resources */ = {
			isa = PBXResourcesBuildPhase;
			buildActionMask = 2147483647;
			files = (
			);
			runOnlyForDeploymentPostprocessing = 0;
		};
/* End PBXResourcesBuildPhase section */

/* Begin PBXSourcesBuildPhase section */
		255BA9461F7CBDD600158856 /* Sources */ = {
			isa = PBXSourcesBuildPhase;
			buildActionMask = 2147483647;
			files = (
				255BA9541F7CBDD600158856 /* ViewController.m in Sources */,
				255BA95F1F7CBDD600158856 /* main.m in Sources */,
				255BA94F1F7CBDD600158856 /* AppDelegate.m in Sources */,
			);
			runOnlyForDeploymentPostprocessing = 0;
		};
		255BA9601F7CBDD700158856 /* Sources */ = {
			isa = PBXSourcesBuildPhase;
			buildActionMask = 2147483647;
			files = (
				255BA9691F7CBDD700158856 /* HYARKit_SceneKitDemoTests.m in Sources */,
			);
			runOnlyForDeploymentPostprocessing = 0;
		};
		255BA96B1F7CBDD700158856 /* Sources */ = {
			isa = PBXSourcesBuildPhase;
			buildActionMask = 2147483647;
			files = (
				255BA9741F7CBDD700158856 /* HYARKit_SceneKitDemoUITests.m in Sources */,
			);
			runOnlyForDeploymentPostprocessing = 0;
		};
/* End PBXSourcesBuildPhase section */

/* Begin PBXTargetDependency section */
		255BA9661F7CBDD700158856 /* PBXTargetDependency */ = {
			isa = PBXTargetDependency;
			target = 255BA9491F7CBDD600158856 /* HYARKit_SceneKitDemo */;
			targetProxy = 255BA9651F7CBDD700158856 /* PBXContainerItemProxy */;
		};
		255BA9711F7CBDD700158856 /* PBXTargetDependency */ = {
			isa = PBXTargetDependency;
			target = 255BA9491F7CBDD600158856 /* HYARKit_SceneKitDemo */;
			targetProxy = 255BA9701F7CBDD700158856 /* PBXContainerItemProxy */;
		};
/* End PBXTargetDependency section */

/* Begin PBXVariantGroup section */
		255BA9551F7CBDD600158856 /* Main.storyboard */ = {
			isa = PBXVariantGroup;
			children = (
				255BA9561F7CBDD600158856 /* Base */,
			);
			name = Main.storyboard;
			sourceTree = "<group>";
		};
		255BA95A1F7CBDD600158856 /* LaunchScreen.storyboard */ = {
			isa = PBXVariantGroup;
			children = (
				255BA95B1F7CBDD600158856 /* Base */,
			);
			name = LaunchScreen.storyboard;
			sourceTree = "<group>";
		};
/* End PBXVariantGroup section */

/* Begin XCBuildConfiguration section */
		255BA9761F7CBDD700158856 /* Debug */ = {
			isa = XCBuildConfiguration;
			buildSettings = {
				ALWAYS_SEARCH_USER_PATHS = NO;
				CLANG_ANALYZER_NONNULL = YES;
				CLANG_ANALYZER_NUMBER_OBJECT_CONVERSION = YES_AGGRESSIVE;
				CLANG_CXX_LANGUAGE_STANDARD = "gnu++14";
				CLANG_CXX_LIBRARY = "libc++";
				CLANG_ENABLE_MODULES = YES;
				CLANG_ENABLE_OBJC_ARC = YES;
				CLANG_WARN_BLOCK_CAPTURE_AUTORELEASING = YES;
				CLANG_WARN_BOOL_CONVERSION = YES;
				CLANG_WARN_COMMA = YES;
				CLANG_WARN_CONSTANT_CONVERSION = YES;
				CLANG_WARN_DIRECT_OBJC_ISA_USAGE = YES_ERROR;
				CLANG_WARN_DOCUMENTATION_COMMENTS = YES;
				CLANG_WARN_EMPTY_BODY = YES;
				CLANG_WARN_ENUM_CONVERSION = YES;
				CLANG_WARN_INFINITE_RECURSION = YES;
				CLANG_WARN_INT_CONVERSION = YES;
				CLANG_WARN_NON_LITERAL_NULL_CONVERSION = YES;
				CLANG_WARN_OBJC_LITERAL_CONVERSION = YES;
				CLANG_WARN_OBJC_ROOT_CLASS = YES_ERROR;
				CLANG_WARN_RANGE_LOOP_ANALYSIS = YES;
				CLANG_WARN_STRICT_PROTOTYPES = YES;
				CLANG_WARN_SUSPICIOUS_MOVE = YES;
				CLANG_WARN_UNGUARDED_AVAILABILITY = YES_AGGRESSIVE;
				CLANG_WARN_UNREACHABLE_CODE = YES;
				CLANG_WARN__DUPLICATE_METHOD_MATCH = YES;
				CODE_SIGN_IDENTITY = "iPhone Developer";
				COPY_PHASE_STRIP = NO;
				DEBUG_INFORMATION_FORMAT = dwarf;
				ENABLE_STRICT_OBJC_MSGSEND = YES;
				ENABLE_TESTABILITY = YES;
				GCC_C_LANGUAGE_STANDARD = gnu11;
				GCC_DYNAMIC_NO_PIC = NO;
				GCC_NO_COMMON_BLOCKS = YES;
				GCC_OPTIMIZATION_LEVEL = 0;
				GCC_PREPROCESSOR_DEFINITIONS = (
					"DEBUG=1",
					"$(inherited)",
				);
				GCC_WARN_64_TO_32_BIT_CONVERSION = YES;
				GCC_WARN_ABOUT_RETURN_TYPE = YES_ERROR;
				GCC_WARN_UNDECLARED_SELECTOR = YES;
				GCC_WARN_UNINITIALIZED_AUTOS = YES_AGGRESSIVE;
				GCC_WARN_UNUSED_FUNCTION = YES;
				GCC_WARN_UNUSED_VARIABLE = YES;
				IPHONEOS_DEPLOYMENT_TARGET = 11.0;
				MTL_ENABLE_DEBUG_INFO = YES;
				ONLY_ACTIVE_ARCH = YES;
				SDKROOT = iphoneos;
			};
			name = Debug;
		};
		255BA9771F7CBDD700158856 /* Release */ = {
			isa = XCBuildConfiguration;
			buildSettings = {
				ALWAYS_SEARCH_USER_PATHS = NO;
				CLANG_ANALYZER_NONNULL = YES;
				CLANG_ANALYZER_NUMBER_OBJECT_CONVERSION = YES_AGGRESSIVE;
				CLANG_CXX_LANGUAGE_STANDARD = "gnu++14";
				CLANG_CXX_LIBRARY = "libc++";
				CLANG_ENABLE_MODULES = YES;
				CLANG_ENABLE_OBJC_ARC = YES;
				CLANG_WARN_BLOCK_CAPTURE_AUTORELEASING = YES;
				CLANG_WARN_BOOL_CONVERSION = YES;
				CLANG_WARN_COMMA = YES;
				CLANG_WARN_CONSTANT_CONVERSION = YES;
				CLANG_WARN_DIRECT_OBJC_ISA_USAGE = YES_ERROR;
				CLANG_WARN_DOCUMENTATION_COMMENTS = YES;
				CLANG_WARN_EMPTY_BODY = YES;
				CLANG_WARN_ENUM_CONVERSION = YES;
				CLANG_WARN_INFINITE_RECURSION = YES;
				CLANG_WARN_INT_CONVERSION = YES;
				CLANG_WARN_NON_LITERAL_NULL_CONVERSION = YES;
				CLANG_WARN_OBJC_LITERAL_CONVERSION = YES;
				CLANG_WARN_OBJC_ROOT_CLASS = YES_ERROR;
				CLANG_WARN_RANGE_LOOP_ANALYSIS = YES;
				CLANG_WARN_STRICT_PROTOTYPES = YES;
				CLANG_WARN_SUSPICIOUS_MOVE = YES;
				CLANG_WARN_UNGUARDED_AVAILABILITY = YES_AGGRESSIVE;
				CLANG_WARN_UNREACHABLE_CODE = YES;
				CLANG_WARN__DUPLICATE_METHOD_MATCH = YES;
				CODE_SIGN_IDENTITY = "iPhone Developer";
				COPY_PHASE_STRIP = NO;
				DEBUG_INFORMATION_FORMAT = "dwarf-with-dsym";
				ENABLE_NS_ASSERTIONS = NO;
				ENABLE_STRICT_OBJC_MSGSEND = YES;
				GCC_C_LANGUAGE_STANDARD = gnu11;
				GCC_NO_COMMON_BLOCKS = YES;
				GCC_WARN_64_TO_32_BIT_CONVERSION = YES;
				GCC_WARN_ABOUT_RETURN_TYPE = YES_ERROR;
				GCC_WARN_UNDECLARED_SELECTOR = YES;
				GCC_WARN_UNINITIALIZED_AUTOS = YES_AGGRESSIVE;
				GCC_WARN_UNUSED_FUNCTION = YES;
				GCC_WARN_UNUSED_VARIABLE = YES;
				IPHONEOS_DEPLOYMENT_TARGET = 11.0;
				MTL_ENABLE_DEBUG_INFO = NO;
				SDKROOT = iphoneos;
				VALIDATE_PRODUCT = YES;
			};
			name = Release;
		};
		255BA9791F7CBDD700158856 /* Debug */ = {
			isa = XCBuildConfiguration;
			buildSettings = {
				ASSETCATALOG_COMPILER_APPICON_NAME = AppIcon;
				CODE_SIGN_STYLE = Automatic;
				DEVELOPMENT_TEAM = 722DYSWU43;
				INFOPLIST_FILE = HYARKit_SceneKitDemo/Info.plist;
				IPHONEOS_DEPLOYMENT_TARGET = 11.0;
				LD_RUNPATH_SEARCH_PATHS = "$(inherited) @executable_path/Frameworks";
				PRODUCT_BUNDLE_IDENTIFIER = "hhy.HYARKit-SceneKitDemo";
				PRODUCT_NAME = "$(TARGET_NAME)";
				TARGETED_DEVICE_FAMILY = "1,2";
			};
			name = Debug;
		};
		255BA97A1F7CBDD700158856 /* Release */ = {
			isa = XCBuildConfiguration;
			buildSettings = {
				ASSETCATALOG_COMPILER_APPICON_NAME = AppIcon;
				CODE_SIGN_STYLE = Automatic;
				DEVELOPMENT_TEAM = 722DYSWU43;
				INFOPLIST_FILE = HYARKit_SceneKitDemo/Info.plist;
				IPHONEOS_DEPLOYMENT_TARGET = 11.0;
				LD_RUNPATH_SEARCH_PATHS = "$(inherited) @executable_path/Frameworks";
				PRODUCT_BUNDLE_IDENTIFIER = "hhy.HYARKit-SceneKitDemo";
				PRODUCT_NAME = "$(TARGET_NAME)";
				TARGETED_DEVICE_FAMILY = "1,2";
			};
			name = Release;
		};
		255BA97C1F7CBDD700158856 /* Debug */ = {
			isa = XCBuildConfiguration;
			buildSettings = {
				BUNDLE_LOADER = "$(TEST_HOST)";
				CODE_SIGN_STYLE = Automatic;
				DEVELOPMENT_TEAM = 722DYSWU43;
				INFOPLIST_FILE = HYARKit_SceneKitDemoTests/Info.plist;
				LD_RUNPATH_SEARCH_PATHS = "$(inherited) @executable_path/Frameworks @loader_path/Frameworks";
				PRODUCT_BUNDLE_IDENTIFIER = "hhy.HYARKit-SceneKitDemoTests";
				PRODUCT_NAME = "$(TARGET_NAME)";
				TARGETED_DEVICE_FAMILY = "1,2";
				TEST_HOST = "$(BUILT_PRODUCTS_DIR)/HYARKit_SceneKitDemo.app/HYARKit_SceneKitDemo";
			};
			name = Debug;
		};
		255BA97D1F7CBDD700158856 /* Release */ = {
			isa = XCBuildConfiguration;
			buildSettings = {
				BUNDLE_LOADER = "$(TEST_HOST)";
				CODE_SIGN_STYLE = Automatic;
				DEVELOPMENT_TEAM = 722DYSWU43;
				INFOPLIST_FILE = HYARKit_SceneKitDemoTests/Info.plist;
				LD_RUNPATH_SEARCH_PATHS = "$(inherited) @executable_path/Frameworks @loader_path/Frameworks";
				PRODUCT_BUNDLE_IDENTIFIER = "hhy.HYARKit-SceneKitDemoTests";
				PRODUCT_NAME = "$(TARGET_NAME)";
				TARGETED_DEVICE_FAMILY = "1,2";
				TEST_HOST = "$(BUILT_PRODUCTS_DIR)/HYARKit_SceneKitDemo.app/HYARKit_SceneKitDemo";
			};
			name = Release;
		};
		255BA97F1F7CBDD700158856 /* Debug */ = {
			isa = XCBuildConfiguration;
			buildSettings = {
				CODE_SIGN_STYLE = Automatic;
				DEVELOPMENT_TEAM = 722DYSWU43;
				INFOPLIST_FILE = HYARKit_SceneKitDemoUITests/Info.plist;
				LD_RUNPATH_SEARCH_PATHS = "$(inherited) @executable_path/Frameworks @loader_path/Frameworks";
				PRODUCT_BUNDLE_IDENTIFIER = "hhy.HYARKit-SceneKitDemoUITests";
				PRODUCT_NAME = "$(TARGET_NAME)";
				TARGETED_DEVICE_FAMILY = "1,2";
				TEST_TARGET_NAME = HYARKit_SceneKitDemo;
			};
			name = Debug;
		};
		255BA9801F7CBDD700158856 /* Release */ = {
			isa = XCBuildConfiguration;
			buildSettings = {
				CODE_SIGN_STYLE = Automatic;
				DEVELOPMENT_TEAM = 722DYSWU43;
				INFOPLIST_FILE = HYARKit_SceneKitDemoUITests/Info.plist;
				LD_RUNPATH_SEARCH_PATHS = "$(inherited) @executable_path/Frameworks @loader_path/Frameworks";
				PRODUCT_BUNDLE_IDENTIFIER = "hhy.HYARKit-SceneKitDemoUITests";
				PRODUCT_NAME = "$(TARGET_NAME)";
				TARGETED_DEVICE_FAMILY = "1,2";
				TEST_TARGET_NAME = HYARKit_SceneKitDemo;
			};
			name = Release;
		};
/* End XCBuildConfiguration section */

/* Begin XCConfigurationList section */
		255BA9451F7CBDD600158856 /* Build configuration list for PBXProject "HYARKit_SceneKitDemo" */ = {
			isa = XCConfigurationList;
			buildConfigurations = (
				255BA9761F7CBDD700158856 /* Debug */,
				255BA9771F7CBDD700158856 /* Release */,
			);
			defaultConfigurationIsVisible = 0;
			defaultConfigurationName = Release;
		};
		255BA9781F7CBDD700158856 /* Build configuration list for PBXNativeTarget "HYARKit_SceneKitDemo" */ = {
			isa = XCConfigurationList;
			buildConfigurations = (
				255BA9791F7CBDD700158856 /* Debug */,
				255BA97A1F7CBDD700158856 /* Release */,
			);
			defaultConfigurationIsVisible = 0;
			defaultConfigurationName = Release;
		};
		255BA97B1F7CBDD700158856 /* Build configuration list for PBXNativeTarget "HYARKit_SceneKitDemoTests" */ = {
			isa = XCConfigurationList;
			buildConfigurations = (
				255BA97C1F7CBDD700158856 /* Debug */,
				255BA97D1F7CBDD700158856 /* Release */,
			);
			defaultConfigurationIsVisible = 0;
			defaultConfigurationName = Release;
		};
		255BA97E1F7CBDD700158856 /* Build configuration list for PBXNativeTarget "HYARKit_SceneKitDemoUITests" */ = {
			isa = XCConfigurationList;
			buildConfigurations = (
				255BA97F1F7CBDD700158856 /* Debug */,
				255BA9801F7CBDD700158856 /* Release */,
			);
			defaultConfigurationIsVisible = 0;
			defaultConfigurationName = Release;
		};
/* End XCConfigurationList section */
	};
	rootObject = 255BA9421F7CBDD600158856 /* Project object */;
}
